Mirror in progress since Tue, 02 Sep 2025 17:22:32 .. please wait!
winhttrack -qiC1%Ps2u1%s%uN0%I0p3DaK0c8H0%kf2A25000%f#f -F "Mozilla/4.5 (compatible; HTTrack 3.0x; Windows 98)" -%F  -%l "en, *" https://fallingfalling.com/ https://trippy.me/ https://valentinoyoshikage.neocities.org https://secure-contain-protect.neocities.org https://yourpath.neocities.org https://theredsuitcase.neocities.org https://bearb0nes.neocities.org https://zhorazavr.neocities.org https://s4dgh0st.neocities.org https://menic.neocities.org https://violets-diary.neocities.org https://beyear.neocities.org https://yuvinx.neocities.org https://mooncrest-hotel.neocities.org https://supernunset.neocities.org https://happyfamilycorp.neocities.org https://laceysflashgames.neocities.org https://sapphirewicked.neocities.org https://bunniville.neocities.org https://doadoee.neocities.org https://eatinguts.neocities.org https://meatpng.neocities.org https://i-love-me.neocities.org https://honeydepot.neocities.org https://velvetmoth.neocities.org https://claybuiltlove.neocities.org https://ghostiedollie.neocities.org https://b3ruk.neocities.org https://chuckblackwood.neocities.org https://avstand.neocities.org https://angiepolis.neocities.org https://flesh-for-maggots.neocities.org https://psylkrdkskr88.neocities.org https://vaiterius.neocities.org https://ladysbookofliars.neocities.org https://camperchan.neocities.org https://welcometothewried.neocities.org https://nacrepe.neocities.org https://knockoffhoodie.neocities.org https://be-aware-aica.neocities.org https://meatmesh.neocities.org https://ipoprz.neocities.org https://togawahouse.neocities.org https://sillyfellows.neocities.org https://ahndhi.neocities.org https://arass.neocities.org https://theroseliberation.neocities.org https://melbellbutterfly.neocities.org https://theserbiansmiler.neocities.org https://naos.neocities.org https://xovampethan.neocities.org https://iseeghosts.neocities.org https://poxinkki.neocities.org https://hawthroneinc.neocities.org https://amddim.neocities.org https://jeeperscreepers.neocities.org https://mickeyarg.neocities.org https://voidofmemory.neocities.org https://bryan-bendy.neocities.org https://cerealbral.neocities.org https://ghostwrld.neocities.org https://angelguuts.neocities.org https://fearframes.neocities.org https://toweringtower.neocities.org https://foggymoon.neocities.org https://wormtownweb.neocities.org https://thisisprobablyawebsite.neocities.org https://j2zz.neocities.org https://majorin-exploration.neocities.org https://the-lim-foundation.neocities.org https://florianflor.neocities.org https://swordgames.neocities.org https://bryanbendysite.neocities.org https://divine-orders.neocities.org https://ilovevocaloid.neocities.org https://dxllhxuse.neocities.org https://eb5k9m16.neocities.org https://jibari429.neocities.org https://killyourmind.neocities.org https://addycat364.neocities.org https://karasugahitookorosu.neocities.org https://voidtalker.neocities.org https://girlanachronism.neocities.org https://pandasite.neocities.org https://tosrainbow.neocities.org https://smartwaretechnologies.neocities.org https://christhegreat09.neocities.org https://thehorrorwall.neocities.org https://sleep-practice.neocities.org https://cysfanzone.neocities.org https://dubbelbubbel180.neocities.org https://neocities.org https://github.com/neocities https://bsky.app/profile/neocities.org http://status.neocitiesops.net/ https://cherubiims.neocities.org https://monnie.neocities.org https://myzelien.neocities.org https://tigerlilyblues.neocities.org https://absentlydepart.neocities.org https://3e3e3e3.neocities.org https://deadalivedoll.neocities.org https://lookslikeadeadend.neocities.org https://gokritz.neocities.org https://lovelygutz.neocities.org https://marioio333.neocities.org https://happymiracle.neocities.org https://bholenath.neocities.org https://ouijastories.neocities.org https://gatewaytodarkness.neocities.org https://rheapenny.neocities.org https://executioner1981.neocities.org https://glasswatt.neocities.org https://thestillmanlight.neocities.org https://slitapiewontgonnadie.neocities.org https://suicidedog.neocities.org https://lanthanide26.neocities.org https://uncanny.neocities.org https://friendly-images.neocities.org https://stormi.neocities.org https://site45terminal.neocities.org https://anthropomorphism.neocities.org https://liminalpuzzle.neocities.org https://feathersandchokers.neocities.org https://voidlingsweb.neocities.org https://irisdale.neocities.org https://rottingcutz.neocities.org https://spongesoyboy.neocities.org https://hostilehotel.neocities.org https://v0id1113.neocities.org https://liminalindex.neocities.org https://aeviternalmattoid.neocities.org https://aliveinside.neocities.org https://oofyup.neocities.org https://spookydungeon.neocities.org https://cosmicparanoia.neocities.org https://iamsinking.neocities.org https://crayton-crypt-party.neocities.org https://junipermatten.neocities.org https://littleb0dybigheart.neocities.org https://creepystories.neocities.org https://inkyara.neocities.org https://synthetic-dreams.neocities.org https://darknetlore.neocities.org https://dereknoteric.neocities.org https://dawnthornie.neocities.org https://emptyeyes.neocities.org https://the-immunity-project.neocities.org https://lotusdiary-tbh.neocities.org https://creepypastacollection.neocities.org https://casxuls.neocities.org https://hell-scape.neocities.org https://thissiteistrash666.neocities.org https://weirdsites.neocities.org https://talktolou.neocities.org https://thereissomethinghere.neocities.org https://293017.neocities.org https://strawberryblonde.neocities.org https://botfly.neocities.org https://endgame.neocities.org https://cryptidthreads.neocities.org https://houseofdollbones.neocities.org https://jeffery-sobol.neocities.org https://wormtown24.neocities.org https://cursedpaperdoll.neocities.org https://annihilatedlove.neocities.org https://aggregator.neocities.org https://undeadmuffinart.neocities.org https://weblogz.neocities.org https://robloxmysteries.neocities.org https://donotbeafraid.neocities.org https://bdna.neocities.org https://nite-shift.neocities.org https://paradigm-cascadia.neocities.org https://jakesarthaven.neocities.org https://3nna2.neocities.org https://bodyfarm.neocities.org https://videoburial.neocities.org https://teletubbieland.neocities.org https://poutou-maker.neocities.org https://dionneet.neocities.org https://journeytoeuphoria.neocities.org https://jigokuu.neocities.org https://apple-maggot.neocities.org https://aashii.neocities.org https://assignedslutatbirth.neocities.org https://kawaiireaper21.neocities.org https://cosmonaut.neocities.org https://truly.neocities.org https://wineplume.neocities.org https://areyouwatching.neocities.org https://liminal-resort.neocities.org https://creepyzone.neocities.org https://popipa.neocities.org https://kurokuro.neocities.org https://neocities.org https://github.com/neocities https://bsky.app/profile/neocities.org http://status.neocitiesops.net/ https://angusnicneven.com/ https://superbad.com/ https://zombo.com/ https://tetrageddon.com/ https://www.thisiscolossal.com/ https://oxoxxxooo.com/ https://subculture.com/ http://lhohq.info/ -O1 ""C:\My Web Sites\trippy"" +*.png +*.gif +*.jpg +*.jpeg +*.css +*.js -ad.doubleclick.net/* -mime:application/foobar -github.com -google.com 
To pause the engine: create an empty file named 'hts-stop.lock'
PID=22428
START=1756858952
